
Microsoft Visual Studio Solution File, Format Version 12.00
# Visual Studio Version 17
VisualStudioVersion = 17.6.33829.357
MinimumVisualStudioVersion = 10.0.40219.1
Project("{FAE04EC0-301F-11D3-BF4B-00C04F79EFBC}") = "Server", "Server\Server.csproj", "{43CF6657-1FDD-432F-A98F-273E1F25826C}"
EndProject
Global
	GlobalSection(SolutionConfigurationPlatforms) = preSolution
		Debug|Any CPU = Debug|Any CPU
		Release|Any CPU = Release|Any CPU
	EndGlobalSection
	GlobalSection(ProjectConfigurationPlatforms) = postSolution
		{43CF6657-1FDD-432F-A98F-273E1F25826C}.Debug|Any CPU.ActiveCfg = Debug|Any CPU
		{43CF6657-1FDD-432F-A98F-273E1F25826C}.Debug|Any CPU.Build.0 = Debug|Any CPU
		{43CF6657-1FDD-432F-A98F-273E1F25826C}.Release|Any CPU.ActiveCfg = Release|Any CPU
		{43CF6657-1FDD-432F-A98F-273E1F25826C}.Release|Any CPU.Build.0 = Release|Any CPU
	EndGlobalSection
	GlobalSection(SolutionProperties) = preSolution
		HideSolutionNode = FALSE
	EndGlobalSection
	GlobalSection(ExtensibilityGlobals) = postSolution
		SolutionGuid = {F715591A-0DCF-4881-A447-FE4160652E51}
	EndGlobalSection
EndGlobal
